{
  "name": "random-names-messages-firstv",
  "version": "1.0.1",
  "lockfileVersion": 2,
  "requires": true,
  "packages": {
    "": {
      "name": "random-names-messages-firstv",
      "version": "1.0.1",
      "license": "MIT",
      "dependencies": {
        "random-names-messages-firstv": "^1.0.0"
      },
      "bin": {
        "random-msg": "bin/global.js"
      }
    },
    "node_modules/random-names-messages-firstv": {
      "version": "1.0.0",
      "resolved": "https://registry.npmjs.org/random-names-messages-firstv/-/random-names-messages-firstv-1.0.0.tgz",
      "integrity": "sha512-gS1GB690m7O9RQFccb5IeisFo/sxWy6J7RlxQ4RVnrx08/Y7g4TkJ3kCtDOiE4TbI7yrHxj5RY0edt/+ci1cmw==",
      "bin": {
        "random-msg": "bin/global.js"
      }
    }
  },
  "dependencies": {
    "random-names-messages-firstv": {
      "version": "1.0.0",
      "resolved": "https://registry.npmjs.org/random-names-messages-firstv/-/random-names-messages-firstv-1.0.0.tgz",
      "integrity": "sha512-gS1GB690m7O9RQFccb5IeisFo/sxWy6J7RlxQ4RVnrx08/Y7g4TkJ3kCtDOiE4TbI7yrHxj5RY0edt/+ci1cmw=="
    }
  }
}
